
Microsoft Visual Studio Solution File, Format Version 12.00
# Visual Studio 15
VisualStudioVersion = 15.0.26124.0
MinimumVisualStudioVersion = 15.0.26124.0
Project("{2150E333-8FDC-42A3-9474-1A3956D46DE8}") = "src", "src", "{1673F427-A67C-4E58-9166-8E79CB9A6AA1}"
EndProject
Project("{2150E333-8FDC-42A3-9474-1A3956D46DE8}") = "ApiGateWay", "ApiGateWay", "{CC1B0693-56D3-4C88-B6AD-E0FEB58E1F56}"
EndProject
Project("{FAE04EC0-301F-11D3-BF4B-00C04F79EFBC}") = "ApiGWBase", "src\ApiGateWay\ApiGWBase\ApiGWBase.csproj", "{EB83DB86-5D06-4830-BC27-40AC9381E397}"
EndProject
Project("{2150E333-8FDC-42A3-9474-1A3956D46DE8}") = "Services", "Services", "{E736EE29-9B65-4667-A49E-94EDF2287171}"
EndProject
Project("{2150E333-8FDC-42A3-9474-1A3956D46DE8}") = "IdentityService", "IdentityService", "{AB5F785D-C5E5-4AA4-9E19-A59377736949}"
EndProject
Project("{FAE04EC0-301F-11D3-BF4B-00C04F79EFBC}") = "IdentityAPI", "src\Services\IdentityService\IdentityAPI\IdentityAPI.csproj", "{F64CD9A4-F4E6-4345-A27B-7B55026640F3}"
EndProject
Project("{2150E333-8FDC-42A3-9474-1A3956D46DE8}") = "MerchantService", "MerchantService", "{DC9EB0BA-D27F-495D-92DD-A88BCFB5F19C}"
EndProject
Project("{FAE04EC0-301F-11D3-BF4B-00C04F79EFBC}") = "MerchantAPI", "src\Services\MerchantService\MerchantAPI\MerchantAPI.csproj", "{ADF84FC1-E01B-4753-ACA3-A64239CE5691}"
EndProject
Project("{2150E333-8FDC-42A3-9474-1A3956D46DE8}") = "ShopService", "ShopService", "{DE179FAA-0C23-405E-99F0-D433DB87808C}"
EndProject
Project("{FAE04EC0-301F-11D3-BF4B-00C04F79EFBC}") = "ShopAPI", "src\Services\ShopService\ShopAPI\ShopAPI.csproj", "{64E4DA40-C366-44CA-92B8-27755AE82C0E}"
EndProject
Project("{2150E333-8FDC-42A3-9474-1A3956D46DE8}") = "EventBus", "EventBus", "{CE3C9A3C-7CB8-40AD-8D1E-B74EC6B8FCC1}"
EndProject
Project("{FAE04EC0-301F-11D3-BF4B-00C04F79EFBC}") = "BasicEventBus", "src\EventBus\BasicEventBus\BasicEventBus.csproj", "{5714F4C8-DCFA-45B6-BB6A-5AD70CD294A2}"
EndProject
Project("{FAE04EC0-301F-11D3-BF4B-00C04F79EFBC}") = "EventBusMQ", "src\EventBus\EventBusMQ\EventBusMQ.csproj", "{63CAAE01-5414-4484-8949-8A38B286452C}"
EndProject
Global
	GlobalSection(SolutionConfigurationPlatforms) = preSolution
		Debug|Any CPU = Debug|Any CPU
		Debug|x64 = Debug|x64
		Debug|x86 = Debug|x86
		Release|Any CPU = Release|Any CPU
		Release|x64 = Release|x64
		Release|x86 = Release|x86
	EndGlobalSection
	GlobalSection(SolutionProperties) = preSolution
		HideSolutionNode = FALSE
	EndGlobalSection
	GlobalSection(ProjectConfigurationPlatforms) = postSolution
		{EB83DB86-5D06-4830-BC27-40AC9381E397}.Debug|Any CPU.ActiveCfg = Debug|Any CPU
		{EB83DB86-5D06-4830-BC27-40AC9381E397}.Debug|Any CPU.Build.0 = Debug|Any CPU
		{EB83DB86-5D06-4830-BC27-40AC9381E397}.Debug|x64.ActiveCfg = Debug|Any CPU
		{EB83DB86-5D06-4830-BC27-40AC9381E397}.Debug|x64.Build.0 = Debug|Any CPU
		{EB83DB86-5D06-4830-BC27-40AC9381E397}.Debug|x86.ActiveCfg = Debug|Any CPU
		{EB83DB86-5D06-4830-BC27-40AC9381E397}.Debug|x86.Build.0 = Debug|Any CPU
		{EB83DB86-5D06-4830-BC27-40AC9381E397}.Release|Any CPU.ActiveCfg = Release|Any CPU
		{EB83DB86-5D06-4830-BC27-40AC9381E397}.Release|Any CPU.Build.0 = Release|Any CPU
		{EB83DB86-5D06-4830-BC27-40AC9381E397}.Release|x64.ActiveCfg = Release|Any CPU
		{EB83DB86-5D06-4830-BC27-40AC9381E397}.Release|x64.Build.0 = Release|Any CPU
		{EB83DB86-5D06-4830-BC27-40AC9381E397}.Release|x86.ActiveCfg = Release|Any CPU
		{EB83DB86-5D06-4830-BC27-40AC9381E397}.Release|x86.Build.0 = Release|Any CPU
		{F64CD9A4-F4E6-4345-A27B-7B55026640F3}.Debug|Any CPU.ActiveCfg = Debug|Any CPU
		{F64CD9A4-F4E6-4345-A27B-7B55026640F3}.Debug|Any CPU.Build.0 = Debug|Any CPU
		{F64CD9A4-F4E6-4345-A27B-7B55026640F3}.Debug|x64.ActiveCfg = Debug|Any CPU
		{F64CD9A4-F4E6-4345-A27B-7B55026640F3}.Debug|x64.Build.0 = Debug|Any CPU
		{F64CD9A4-F4E6-4345-A27B-7B55026640F3}.Debug|x86.ActiveCfg = Debug|Any CPU
		{F64CD9A4-F4E6-4345-A27B-7B55026640F3}.Debug|x86.Build.0 = Debug|Any CPU
		{F64CD9A4-F4E6-4345-A27B-7B55026640F3}.Release|Any CPU.ActiveCfg = Release|Any CPU
		{F64CD9A4-F4E6-4345-A27B-7B55026640F3}.Release|Any CPU.Build.0 = Release|Any CPU
		{F64CD9A4-F4E6-4345-A27B-7B55026640F3}.Release|x64.ActiveCfg = Release|Any CPU
		{F64CD9A4-F4E6-4345-A27B-7B55026640F3}.Release|x64.Build.0 = Release|Any CPU
		{F64CD9A4-F4E6-4345-A27B-7B55026640F3}.Release|x86.ActiveCfg = Release|Any CPU
		{F64CD9A4-F4E6-4345-A27B-7B55026640F3}.Release|x86.Build.0 = Release|Any CPU
		{ADF84FC1-E01B-4753-ACA3-A64239CE5691}.Debug|Any CPU.ActiveCfg = Debug|Any CPU
		{ADF84FC1-E01B-4753-ACA3-A64239CE5691}.Debug|Any CPU.Build.0 = Debug|Any CPU
		{ADF84FC1-E01B-4753-ACA3-A64239CE5691}.Debug|x64.ActiveCfg = Debug|Any CPU
		{ADF84FC1-E01B-4753-ACA3-A64239CE5691}.Debug|x64.Build.0 = Debug|Any CPU
		{ADF84FC1-E01B-4753-ACA3-A64239CE5691}.Debug|x86.ActiveCfg = Debug|Any CPU
		{ADF84FC1-E01B-4753-ACA3-A64239CE5691}.Debug|x86.Build.0 = Debug|Any CPU
		{ADF84FC1-E01B-4753-ACA3-A64239CE5691}.Release|Any CPU.ActiveCfg = Release|Any CPU
		{ADF84FC1-E01B-4753-ACA3-A64239CE5691}.Release|Any CPU.Build.0 = Release|Any CPU
		{ADF84FC1-E01B-4753-ACA3-A64239CE5691}.Release|x64.ActiveCfg = Release|Any CPU
		{ADF84FC1-E01B-4753-ACA3-A64239CE5691}.Release|x64.Build.0 = Release|Any CPU
		{ADF84FC1-E01B-4753-ACA3-A64239CE5691}.Release|x86.ActiveCfg = Release|Any CPU
		{ADF84FC1-E01B-4753-ACA3-A64239CE5691}.Release|x86.Build.0 = Release|Any CPU
		{64E4DA40-C366-44CA-92B8-27755AE82C0E}.Debug|Any CPU.ActiveCfg = Debug|Any CPU
		{64E4DA40-C366-44CA-92B8-27755AE82C0E}.Debug|Any CPU.Build.0 = Debug|Any CPU
		{64E4DA40-C366-44CA-92B8-27755AE82C0E}.Debug|x64.ActiveCfg = Debug|Any CPU
		{64E4DA40-C366-44CA-92B8-27755AE82C0E}.Debug|x64.Build.0 = Debug|Any CPU
		{64E4DA40-C366-44CA-92B8-27755AE82C0E}.Debug|x86.ActiveCfg = Debug|Any CPU
		{64E4DA40-C366-44CA-92B8-27755AE82C0E}.Debug|x86.Build.0 = Debug|Any CPU
		{64E4DA40-C366-44CA-92B8-27755AE82C0E}.Release|Any CPU.ActiveCfg = Release|Any CPU
		{64E4DA40-C366-44CA-92B8-27755AE82C0E}.Release|Any CPU.Build.0 = Release|Any CPU
		{64E4DA40-C366-44CA-92B8-27755AE82C0E}.Release|x64.ActiveCfg = Release|Any CPU
		{64E4DA40-C366-44CA-92B8-27755AE82C0E}.Release|x64.Build.0 = Release|Any CPU
		{64E4DA40-C366-44CA-92B8-27755AE82C0E}.Release|x86.ActiveCfg = Release|Any CPU
		{64E4DA40-C366-44CA-92B8-27755AE82C0E}.Release|x86.Build.0 = Release|Any CPU
		{5714F4C8-DCFA-45B6-BB6A-5AD70CD294A2}.Debug|Any CPU.ActiveCfg = Debug|Any CPU
		{5714F4C8-DCFA-45B6-BB6A-5AD70CD294A2}.Debug|Any CPU.Build.0 = Debug|Any CPU
		{5714F4C8-DCFA-45B6-BB6A-5AD70CD294A2}.Debug|x64.ActiveCfg = Debug|Any CPU
		{5714F4C8-DCFA-45B6-BB6A-5AD70CD294A2}.Debug|x64.Build.0 = Debug|Any CPU
		{5714F4C8-DCFA-45B6-BB6A-5AD70CD294A2}.Debug|x86.ActiveCfg = Debug|Any CPU
		{5714F4C8-DCFA-45B6-BB6A-5AD70CD294A2}.Debug|x86.Build.0 = Debug|Any CPU
		{5714F4C8-DCFA-45B6-BB6A-5AD70CD294A2}.Release|Any CPU.ActiveCfg = Release|Any CPU
		{5714F4C8-DCFA-45B6-BB6A-5AD70CD294A2}.Release|Any CPU.Build.0 = Release|Any CPU
		{5714F4C8-DCFA-45B6-BB6A-5AD70CD294A2}.Release|x64.ActiveCfg = Release|Any CPU
		{5714F4C8-DCFA-45B6-BB6A-5AD70CD294A2}.Release|x64.Build.0 = Release|Any CPU
		{5714F4C8-DCFA-45B6-BB6A-5AD70CD294A2}.Release|x86.ActiveCfg = Release|Any CPU
		{5714F4C8-DCFA-45B6-BB6A-5AD70CD294A2}.Release|x86.Build.0 = Release|Any CPU
		{63CAAE01-5414-4484-8949-8A38B286452C}.Debug|Any CPU.ActiveCfg = Debug|Any CPU
		{63CAAE01-5414-4484-8949-8A38B286452C}.Debug|Any CPU.Build.0 = Debug|Any CPU
		{63CAAE01-5414-4484-8949-8A38B286452C}.Debug|x64.ActiveCfg = Debug|Any CPU
		{63CAAE01-5414-4484-8949-8A38B286452C}.Debug|x64.Build.0 = Debug|Any CPU
		{63CAAE01-5414-4484-8949-8A38B286452C}.Debug|x86.ActiveCfg = Debug|Any CPU
		{63CAAE01-5414-4484-8949-8A38B286452C}.Debug|x86.Build.0 = Debug|Any CPU
		{63CAAE01-5414-4484-8949-8A38B286452C}.Release|Any CPU.ActiveCfg = Release|Any CPU
		{63CAAE01-5414-4484-8949-8A38B286452C}.Release|Any CPU.Build.0 = Release|Any CPU
		{63CAAE01-5414-4484-8949-8A38B286452C}.Release|x64.ActiveCfg = Release|Any CPU
		{63CAAE01-5414-4484-8949-8A38B286452C}.Release|x64.Build.0 = Release|Any CPU
		{63CAAE01-5414-4484-8949-8A38B286452C}.Release|x86.ActiveCfg = Release|Any CPU
		{63CAAE01-5414-4484-8949-8A38B286452C}.Release|x86.Build.0 = Release|Any CPU
	EndGlobalSection
	GlobalSection(NestedProjects) = preSolution
		{CC1B0693-56D3-4C88-B6AD-E0FEB58E1F56} = {1673F427-A67C-4E58-9166-8E79CB9A6AA1}
		{EB83DB86-5D06-4830-BC27-40AC9381E397} = {CC1B0693-56D3-4C88-B6AD-E0FEB58E1F56}
		{E736EE29-9B65-4667-A49E-94EDF2287171} = {1673F427-A67C-4E58-9166-8E79CB9A6AA1}
		{AB5F785D-C5E5-4AA4-9E19-A59377736949} = {E736EE29-9B65-4667-A49E-94EDF2287171}
		{F64CD9A4-F4E6-4345-A27B-7B55026640F3} = {AB5F785D-C5E5-4AA4-9E19-A59377736949}
		{DC9EB0BA-D27F-495D-92DD-A88BCFB5F19C} = {E736EE29-9B65-4667-A49E-94EDF2287171}
		{ADF84FC1-E01B-4753-ACA3-A64239CE5691} = {DC9EB0BA-D27F-495D-92DD-A88BCFB5F19C}
		{DE179FAA-0C23-405E-99F0-D433DB87808C} = {E736EE29-9B65-4667-A49E-94EDF2287171}
		{64E4DA40-C366-44CA-92B8-27755AE82C0E} = {DE179FAA-0C23-405E-99F0-D433DB87808C}
		{CE3C9A3C-7CB8-40AD-8D1E-B74EC6B8FCC1} = {1673F427-A67C-4E58-9166-8E79CB9A6AA1}
		{5714F4C8-DCFA-45B6-BB6A-5AD70CD294A2} = {CE3C9A3C-7CB8-40AD-8D1E-B74EC6B8FCC1}
		{63CAAE01-5414-4484-8949-8A38B286452C} = {CE3C9A3C-7CB8-40AD-8D1E-B74EC6B8FCC1}
	EndGlobalSection
EndGlobal
